Microsoft Visual Studio Solution File, Format Version 12.00
# Visual Studio 15
VisualStudioVersion = 15.0.27130.2027
MinimumVisualStudioVersion = 15.0.26124.0
Project("{9A19103F-16F7-4668-BE54-9A1E7A4F7556}") = "Loteria.Regras", "Loteria.Regras\Loteria.Regras.csproj", "{1DE59A45-860A-4652-8978-A004240942B0}"
EndProject
Project("{9A19103F-16F7-4668-BE54-9A1E7A4F7556}") = "Loteria.Testes", "Loteria.Testes\Loteria.Testes.csproj", "{D7493C6A-BCA7-4D3C-BB6A-CE9799171265}"
EndProject
Project("{9A19103F-16F7-4668-BE54-9A1E7A4F7556}") = "Loteria.Api", "Loteria.Api\Loteria.Api.csproj", "{6BE38E27-6865-4DFC-A845-86E6CE73F644}"
EndProject
Global
	GlobalSection(SolutionConfigurationPlatforms) = preSolution
		Debug|Any CPU = Debug|Any CPU
		Debug|x64 = Debug|x64
		Debug|x86 = Debug|x86
		Release|Any CPU = Release|Any CPU
		Release|x64 = Release|x64
		Release|x86 = Release|x86
	EndGlobalSection
	GlobalSection(ProjectConfigurationPlatforms) = postSolution
		{1DE59A45-860A-4652-8978-A004240942B0}.Debug|Any CPU.ActiveCfg = Debug|Any CPU
		{1DE59A45-860A-4652-8978-A004240942B0}.Debug|Any CPU.Build.0 = Debug|Any CPU
		{1DE59A45-860A-4652-8978-A004240942B0}.Debug|x64.ActiveCfg = Debug|Any CPU
		{1DE59A45-860A-4652-8978-A004240942B0}.Debug|x64.Build.0 = Debug|Any CPU
		{1DE59A45-860A-4652-8978-A004240942B0}.Debug|x86.ActiveCfg = Debug|Any CPU
		{1DE59A45-860A-4652-8978-A004240942B0}.Debug|x86.Build.0 = Debug|Any CPU
		{1DE59A45-860A-4652-8978-A004240942B0}.Release|Any CPU.ActiveCfg = Release|Any CPU
		{1DE59A45-860A-4652-8978-A004240942B0}.Release|Any CPU.Build.0 = Release|Any CPU
		{1DE59A45-860A-4652-8978-A004240942B0}.Release|x64.ActiveCfg = Release|Any CPU
		{1DE59A45-860A-4652-8978-A004240942B0}.Release|x64.Build.0 = Release|Any CPU
		{1DE59A45-860A-4652-8978-A004240942B0}.Release|x86.ActiveCfg = Release|Any CPU
		{1DE59A45-860A-4652-8978-A004240942B0}.Release|x86.Build.0 = Release|Any CPU
		{D7493C6A-BCA7-4D3C-BB6A-CE9799171265}.Debug|Any CPU.ActiveCfg = Debug|Any CPU
		{D7493C6A-BCA7-4D3C-BB6A-CE9799171265}.Debug|Any CPU.Build.0 = Debug|Any CPU
		{D7493C6A-BCA7-4D3C-BB6A-CE9799171265}.Debug|x64.ActiveCfg = Debug|Any CPU
		{D7493C6A-BCA7-4D3C-BB6A-CE9799171265}.Debug|x64.Build.0 = Debug|Any CPU
		{D7493C6A-BCA7-4D3C-BB6A-CE9799171265}.Debug|x86.ActiveCfg = Debug|Any CPU
		{D7493C6A-BCA7-4D3C-BB6A-CE9799171265}.Debug|x86.Build.0 = Debug|Any CPU
		{D7493C6A-BCA7-4D3C-BB6A-CE9799171265}.Release|Any CPU.ActiveCfg = Release|Any CPU
		{D7493C6A-BCA7-4D3C-BB6A-CE9799171265}.Release|Any CPU.Build.0 = Release|Any CPU
		{D7493C6A-BCA7-4D3C-BB6A-CE9799171265}.Release|x64.ActiveCfg = Release|Any CPU
		{D7493C6A-BCA7-4D3C-BB6A-CE9799171265}.Release|x64.Build.0 = Release|Any CPU
		{D7493C6A-BCA7-4D3C-BB6A-CE9799171265}.Release|x86.ActiveCfg = Release|Any CPU
		{D7493C6A-BCA7-4D3C-BB6A-CE9799171265}.Release|x86.Build.0 = Release|Any CPU
		{6BE38E27-6865-4DFC-A845-86E6CE73F644}.Debug|Any CPU.ActiveCfg = Debug|Any CPU
		{6BE38E27-6865-4DFC-A845-86E6CE73F644}.Debug|Any CPU.Build.0 = Debug|Any CPU
		{6BE38E27-6865-4DFC-A845-86E6CE73F644}.Debug|x64.ActiveCfg = Debug|Any CPU
		{6BE38E27-6865-4DFC-A845-86E6CE73F644}.Debug|x64.Build.0 = Debug|Any CPU
		{6BE38E27-6865-4DFC-A845-86E6CE73F644}.Debug|x86.ActiveCfg = Debug|Any CPU
		{6BE38E27-6865-4DFC-A845-86E6CE73F644}.Debug|x86.Build.0 = Debug|Any CPU
		{6BE38E27-6865-4DFC-A845-86E6CE73F644}.Release|Any CPU.ActiveCfg = Release|Any CPU
		{6BE38E27-6865-4DFC-A845-86E6CE73F644}.Release|Any CPU.Build.0 = Release|Any CPU
		{6BE38E27-6865-4DFC-A845-86E6CE73F644}.Release|x64.ActiveCfg = Release|Any CPU
		{6BE38E27-6865-4DFC-A845-86E6CE73F644}.Release|x64.Build.0 = Release|Any CPU
		{6BE38E27-6865-4DFC-A845-86E6CE73F644}.Release|x86.ActiveCfg = Release|Any CPU
		{6BE38E27-6865-4DFC-A845-86E6CE73F644}.Release|x86.Build.0 = Release|Any CPU
	EndGlobalSection
	GlobalSection(SolutionProperties) = preSolution
		HideSolutionNode = FALSE
	EndGlobalSection
	GlobalSection(ExtensibilityGlobals) = postSolution
		SolutionGuid = {F871E73C-CF24-499E-B158-027E9893CDCD}
	EndGlobalSection
EndGlobal
